// !$*UTF8*$!
{
	archiveVersion = 1;
	classes = {
	};
	objectVersion = 46;
	objects = {

/* Begin PBXBuildFile section */
		A27DF3AA1D792E3300634FA7 /* main.cpp in Sources */ = {isa = PBXBuildFile; fileRef = A27DF3A91D792E3300634FA7 /* main.cpp */; };
		A27DF3FB1D7953FD00634FA7 /* Sales_data.cpp in Sources */ = {isa = PBXBuildFile; fileRef = A27DF3F91D7953FD00634FA7 /* Sales_data.cpp */; };
		A27DF3FE1D79581300634FA7 /* Sales_item.cpp in Sources */ = {isa = PBXBuildFile; fileRef = A27DF3FC1D79581300634FA7 /* Sales_item.cpp */; };
/* End PBXBuildFile section */

/* Begin PBXCopyFilesBuildPhase section */
		A27DF3A41D792E3300634FA7 /* CopyFiles */ = {
			isa = PBXCopyFilesBuildPhase;
			buildActionMask = 2147483647;
			dstPath = /usr/share/man/man1/;
			dstSubfolderSpec = 0;
			files = (
			);
			runOnlyForDeploymentPostprocessing = 1;
		};
/* End PBXCopyFilesBuildPhase section */

/* Begin PBXFileReference section */
		A27DF3A61D792E3300634FA7 /* CPlusLanguage */ = {isa = PBXFileReference; explicitFileType = "compiled.mach-o.executable"; includeInIndex = 0; path = CPlusLanguage; sourceTree = BUILT_PRODUCTS_DIR; };
		A27DF3A91D792E3300634FA7 /* main.cpp */ = {isa = PBXFileReference; lastKnownFileType = sourcecode.cpp.cpp; path = main.cpp; sourceTree = "<group>"; };
		A27DF3F91D7953FD00634FA7 /* Sales_data.cpp */ = {isa = PBXFileReference; fileEncoding = 4; lastKnownFileType = sourcecode.cpp.cpp; path = Sales_data.cpp; sourceTree = "<group>"; };
		A27DF3FA1D7953FD00634FA7 /* Sales_data.hpp */ = {isa = PBXFileReference; fileEncoding = 4; lastKnownFileType = sourcecode.cpp.h; path = Sales_data.hpp; sourceTree = "<group>"; };
		A27DF3FC1D79581300634FA7 /* Sales_item.cpp */ = {isa = PBXFileReference; fileEncoding = 4; lastKnownFileType = sourcecode.cpp.cpp; path = Sales_item.cpp; sourceTree = "<group>"; };
		A27DF3FD1D79581300634FA7 /* Sales_item.hpp */ = {isa = PBXFileReference; fileEncoding = 4; lastKnownFileType = sourcecode.cpp.h; path = Sales_item.hpp; sourceTree = "<group>"; };
/* End PBXFileReference section */

/* Begin PBXFrameworksBuildPhase section */
		A27DF3A31D792E3300634FA7 /* Frameworks */ = {
			isa = PBXFrameworksBuildPhase;
			buildActionMask = 2147483647;
			files = (
			);
			runOnlyForDeploymentPostprocessing = 0;
		};
/* End PBXFrameworksBuildPhase section */

/* Begin PBXGroup section */
		A27DF39D1D792E3300634FA7 = {
			isa = PBXGroup;
			children = (
				A27DF3A81D792E3300634FA7 /* CPlusLanguage */,
				A27DF3A71D792E3300634FA7 /* Products */,
			);
			sourceTree = "<group>";
		};
		A27DF3A71D792E3300634FA7 /* Products */ = {
			isa = PBXGroup;
			children = (
				A27DF3A61D792E3300634FA7 /* CPlusLanguage */,
			);
			name = Products;
			sourceTree = "<group>";
		};
		A27DF3A81D792E3300634FA7 /* CPlusLanguage */ = {
			isa = PBXGroup;
			children = (
				A27DF3A91D792E3300634FA7 /* main.cpp */,
				A27DF3F91D7953FD00634FA7 /* Sales_data.cpp */,
				A27DF3FA1D7953FD00634FA7 /* Sales_data.hpp */,
				A27DF3FC1D79581300634FA7 /* Sales_item.cpp */,
				A27DF3FD1D79581300634FA7 /* Sales_item.hpp */,
			);
			path = CPlusLanguage;
			sourceTree = "<group>";
		};
/* End PBXGroup section */

/* Begin PBXNativeTarget section */
		A27DF3A51D792E3300634FA7 /* CPlusLanguage */ = {
			isa = PBXNativeTarget;
			buildConfigurationList = A27DF3AD1D792E3300634FA7 /* Build configuration list for PBXNativeTarget "CPlusLanguage" */;
			buildPhases = (
				A27DF3A21D792E3300634FA7 /* Sources */,
				A27DF3A31D792E3300634FA7 /* Frameworks */,
				A27DF3A41D792E3300634FA7 /* CopyFiles */,
			);
			buildRules = (
			);
			dependencies = (
			);
			name = CPlusLanguage;
			productName = CPlusLanguage;
			productReference = A27DF3A61D792E3300634FA7 /* CPlusLanguage */;
			productType = "com.apple.product-type.tool";
		};
/* End PBXNativeTarget section */

/* Begin PBXProject section */
		A27DF39E1D792E3300634FA7 /* Project object */ = {
			isa = PBXProject;
			attributes = {
				LastUpgradeCheck = 0730;
				ORGANIZATIONNAME = pulinghao;
				TargetAttributes = {
					A27DF3A51D792E3300634FA7 = {
						CreatedOnToolsVersion = 7.3.1;
					};
				};
			};
			buildConfigurationList = A27DF3A11D792E3300634FA7 /* Build configuration list for PBXProject "CPlusLanguage" */;
			compatibilityVersion = "Xcode 3.2";
			developmentRegion = English;
			hasScannedForEncodings = 0;
			knownRegions = (
				en,
			);
			mainGroup = A27DF39D1D792E3300634FA7;
			productRefGroup = A27DF3A71D792E3300634FA7 /* Products */;
			projectDirPath = "";
			projectRoot = "";
			targets = (
				A27DF3A51D792E3300634FA7 /* CPlusLanguage */,
			);
		};
/* End PBXProject section */

/* Begin PBXSourcesBuildPhase section */
		A27DF3A21D792E3300634FA7 /* Sources */ = {
			isa = PBXSourcesBuildPhase;
			buildActionMask = 2147483647;
			files = (
				A27DF3FB1D7953FD00634FA7 /* Sales_data.cpp in Sources */,
				A27DF3AA1D792E3300634FA7 /* main.cpp in Sources */,
				A27DF3FE1D79581300634FA7 /* Sales_item.cpp in Sources */,
			);
			runOnlyForDeploymentPostprocessing = 0;
		};
/* End PBXSourcesBuildPhase section */

/* Begin XCBuildConfiguration section */
		A27DF3AB1D792E3300634FA7 /* Debug */ = {
			isa = XCBuildConfiguration;
			buildSettings = {
				ALWAYS_SEARCH_USER_PATHS = NO;
				CLANG_ANALYZER_NONNULL = YES;
				CLANG_CXX_LANGUAGE_STANDARD = "gnu++0x";
				CLANG_CXX_LIBRARY = "libc++";
				CLANG_ENABLE_MODULES = YES;
				CLANG_ENABLE_OBJC_ARC = YES;
				CLANG_WARN_BOOL_CONVERSION = YES;
				CLANG_WARN_CONSTANT_CONVERSION = YES;
				CLANG_WARN_DIRECT_OBJC_ISA_USAGE = YES_ERROR;
				CLANG_WARN_EMPTY_BODY = YES;
				CLANG_WARN_ENUM_CONVERSION = YES;
				CLANG_WARN_INT_CONVERSION = YES;
				CLANG_WARN_OBJC_ROOT_CLASS = YES_ERROR;
				CLANG_WARN_UNREACHABLE_CODE = YES;
				CLANG_WARN__DUPLICATE_METHOD_MATCH = YES;
				CODE_SIGN_IDENTITY = "-";
				COPY_PHASE_STRIP = NO;
				DEBUG_INFORMATION_FORMAT = dwarf;
				ENABLE_STRICT_OBJC_MSGSEND = YES;
				ENABLE_TESTABILITY = YES;
				GCC_C_LANGUAGE_STANDARD = gnu99;
				GCC_DYNAMIC_NO_PIC = NO;
				GCC_NO_COMMON_BLOCKS = YES;
				GCC_OPTIMIZATION_LEVEL = 0;
				GCC_PREPROCESSOR_DEFINITIONS = (
					"DEBUG=1",
					"$(inherited)",
				);
				GCC_WARN_64_TO_32_BIT_CONVERSION = YES;
				GCC_WARN_ABOUT_RETURN_TYPE = YES_ERROR;
				GCC_WARN_UNDECLARED_SELECTOR = YES;
				GCC_WARN_UNINITIALIZED_AUTOS = YES_AGGRESSIVE;
				GCC_WARN_UNUSED_FUNCTION = YES;
				GCC_WARN_UNUSED_VARIABLE = YES;
				MACOSX_DEPLOYMENT_TARGET = 10.11;
				MTL_ENABLE_DEBUG_INFO = YES;
				ONLY_ACTIVE_ARCH = YES;
				SDKROOT = macosx;
			};
			name = Debug;
		};
		A27DF3AC1D792E3300634FA7 /* Release */ = {
			isa = XCBuildConfiguration;
			buildSettings = {
				ALWAYS_SEARCH_USER_PATHS = NO;
				CLANG_ANALYZER_NONNULL = YES;
				CLANG_CXX_LANGUAGE_STANDARD = "gnu++0x";
				CLANG_CXX_LIBRARY = "libc++";
				CLANG_ENABLE_MODULES = YES;
				CLANG_ENABLE_OBJC_ARC = YES;
				CLANG_WARN_BOOL_CONVERSION = YES;
				CLANG_WARN_CONSTANT_CONVERSION = YES;
				CLANG_WARN_DIRECT_OBJC_ISA_USAGE = YES_ERROR;
				CLANG_WARN_EMPTY_BODY = YES;
				CLANG_WARN_ENUM_CONVERSION = YES;
				CLANG_WARN_INT_CONVERSION = YES;
				CLANG_WARN_OBJC_ROOT_CLASS = YES_ERROR;
				CLANG_WARN_UNREACHABLE_CODE = YES;
				CLANG_WARN__DUPLICATE_METHOD_MATCH = YES;
				CODE_SIGN_IDENTITY = "-";
				COPY_PHASE_STRIP = NO;
				DEBUG_INFORMATION_FORMAT = "dwarf-with-dsym";
				ENABLE_NS_ASSERTIONS = NO;
				ENABLE_STRICT_OBJC_MSGSEND = YES;
				GCC_C_LANGUAGE_STANDARD = gnu99;
				GCC_NO_COMMON_BLOCKS = YES;
				GCC_WARN_64_TO_32_BIT_CONVERSION = YES;
				GCC_WARN_ABOUT_RETURN_TYPE = YES_ERROR;
				GCC_WARN_UNDECLARED_SELECTOR = YES;
				GCC_WARN_UNINITIALIZED_AUTOS = YES_AGGRESSIVE;
				GCC_WARN_UNUSED_FUNCTION = YES;
				GCC_WARN_UNUSED_VARIABLE = YES;
				MACOSX_DEPLOYMENT_TARGET = 10.11;
				MTL_ENABLE_DEBUG_INFO = NO;
				SDKROOT = macosx;
			};
			name = Release;
		};
		A27DF3AE1D792E3300634FA7 /* Debug */ = {
			isa = XCBuildConfiguration;
			buildSettings = {
				PRODUCT_NAME = "$(TARGET_NAME)";
			};
			name = Debug;
		};
		A27DF3AF1D792E3300634FA7 /* Release */ = {
			isa = XCBuildConfiguration;
			buildSettings = {
				PRODUCT_NAME = "$(TARGET_NAME)";
			};
			name = Release;
		};
/* End XCBuildConfiguration section */

/* Begin XCConfigurationList section */
		A27DF3A11D792E3300634FA7 /* Build configuration list for PBXProject "CPlusLanguage" */ = {
			isa = XCConfigurationList;
			buildConfigurations = (
				A27DF3AB1D792E3300634FA7 /* Debug */,
				A27DF3AC1D792E3300634FA7 /* Release */,
			);
			defaultConfigurationIsVisible = 0;
			defaultConfigurationName = Release;
		};
		A27DF3AD1D792E3300634FA7 /* Build configuration list for PBXNativeTarget "CPlusLanguage" */ = {
			isa = XCConfigurationList;
			buildConfigurations = (
				A27DF3AE1D792E3300634FA7 /* Debug */,
				A27DF3AF1D792E3300634FA7 /* Release */,
			);
			defaultConfigurationIsVisible = 0;
		};
/* End XCConfigurationList section */
	};
	rootObject = A27DF39E1D792E3300634FA7 /* Project object */;
}
